{
  "name": "svelte-sapper-in-action",
  "lockfileVersion": 2,
  "requires": true,
  "packages": {
    "": {
      "name": "svelte-sapper-in-action",
      "devDependencies": {
        "prettier": "2.5.0",
        "prettier-plugin-svelte": "2.5.0"
      },
      "engines": {
        "node": "16",
        "npm": "8"
      }
    },
    "node_modules/prettier": {
      "version": "2.5.0",
      "dev": true,
      "license": "MIT",
      "bin": {
        "prettier": "bin-prettier.js"
      },
      "engines": {
        "node": ">=10.13.0"
      }
    },
    "node_modules/prettier-plugin-svelte": {
      "version": "2.5.0",
      "dev": true,
      "license": "MIT",
      "peerDependencies": {
        "prettier": "^1.16.4 || ^2.0.0",
        "svelte": "^3.2.0"
      }
    }
  },
  "dependencies": {
    "prettier": {
      "version": "2.5.0",
      "dev": true
    },
    "prettier-plugin-svelte": {
      "version": "2.5.0",
      "dev": true,
      "requires": {}
    }
  }
}
